
Microsoft Visual Studio Solution File, Format Version 12.00
# Visual Studio 14
VisualStudioVersion = 14.0.25123.0
MinimumVisualStudioVersion = 10.0.40219.1
Project("{FAE04EC0-301F-11D3-BF4B-00C04F79EFBC}") = "DocumentUtils", "DocumentUtils\DocumentUtils.csproj", "{56425E18-70E3-4DCD-AC43-4C3C36F2004B}"
EndProject
Project("{FAE04EC0-301F-11D3-BF4B-00C04F79EFBC}") = "Indexing", "..\Indexing\Indexing\Indexing.csproj", "{FD28FC3B-842B-4F14-BF1C-3DD6A69A7EF5}"
EndProject
Global
	GlobalSection(SolutionConfigurationPlatforms) = preSolution
		Debug|Any CPU = Debug|Any CPU
		Release|Any CPU = Release|Any CPU
	EndGlobalSection
	GlobalSection(ProjectConfigurationPlatforms) = postSolution
		{56425E18-70E3-4DCD-AC43-4C3C36F2004B}.Debug|Any CPU.ActiveCfg = Debug|Any CPU
		{56425E18-70E3-4DCD-AC43-4C3C36F2004B}.Debug|Any CPU.Build.0 = Debug|Any CPU
		{56425E18-70E3-4DCD-AC43-4C3C36F2004B}.Release|Any CPU.ActiveCfg = Release|Any CPU
		{56425E18-70E3-4DCD-AC43-4C3C36F2004B}.Release|Any CPU.Build.0 = Release|Any CPU
		{FD28FC3B-842B-4F14-BF1C-3DD6A69A7EF5}.Debug|Any CPU.ActiveCfg = Debug|Any CPU
		{FD28FC3B-842B-4F14-BF1C-3DD6A69A7EF5}.Debug|Any CPU.Build.0 = Debug|Any CPU
		{FD28FC3B-842B-4F14-BF1C-3DD6A69A7EF5}.Release|Any CPU.ActiveCfg = Release|Any CPU
		{FD28FC3B-842B-4F14-BF1C-3DD6A69A7EF5}.Release|Any CPU.Build.0 = Release|Any CPU
	EndGlobalSection
	GlobalSection(SolutionProperties) = preSolution
		HideSolutionNode = FALSE
	EndGlobalSection
EndGlobal
